
Microsoft Visual Studio Solution File, Format Version 12.00
# Visual Studio Version 16
VisualStudioVersion = 16.0.30204.135
MinimumVisualStudioVersion = 10.0.40219.1
Project("{FAE04EC0-301F-11D3-BF4B-00C04F79EFBC}") = "Hangfire.NETAS", "Hangfire.NETAS\Hangfire.NETAS.csproj", "{70EAF2BA-4D0E-4479-B6F1-CF465CC911ED}"
EndProject
Global
	GlobalSection(SolutionConfigurationPlatforms) = preSolution
		Debug|Any CPU = Debug|Any CPU
		Release|Any CPU = Release|Any CPU
	EndGlobalSection
	GlobalSection(ProjectConfigurationPlatforms) = postSolution
		{70EAF2BA-4D0E-4479-B6F1-CF465CC911ED}.Debug|Any CPU.ActiveCfg = Debug|Any CPU
		{70EAF2BA-4D0E-4479-B6F1-CF465CC911ED}.Debug|Any CPU.Build.0 = Debug|Any CPU
		{70EAF2BA-4D0E-4479-B6F1-CF465CC911ED}.Release|Any CPU.ActiveCfg = Release|Any CPU
		{70EAF2BA-4D0E-4479-B6F1-CF465CC911ED}.Release|Any CPU.Build.0 = Release|Any CPU
	EndGlobalSection
	GlobalSection(SolutionProperties) = preSolution
		HideSolutionNode = FALSE
	EndGlobalSection
	GlobalSection(ExtensibilityGlobals) = postSolution
		SolutionGuid = {CB0232AC-30B0-41BC-A4C8-1846681C9BFC}
	EndGlobalSection
EndGlobal
